// !$*UTF8*$!
{
	archiveVersion = 1;
	classes = {
	};
	objectVersion = 46;
	objects = {

/* Begin PBXBuildFile section */
		EF58735F1CCD58A80041C2D0 /* MoviePickerViewController.swift in Sources */ = {isa = PBXBuildFile; fileRef = EF58735E1CCD58A80041C2D0 /* MoviePickerViewController.swift */; };
		EF5873611CCD5DB80041C2D0 /* MovieDetailViewController.swift in Sources */ = {isa = PBXBuildFile; fileRef = EF5873601CCD5DB80041C2D0 /* MovieDetailViewController.swift */; };
		EF6D9C281CCEA2F1001E7957 /* FavoritesViewController.swift in Sources */ = {isa = PBXBuildFile; fileRef = EF6D9C271CCEA2F1001E7957 /* FavoritesViewController.swift */; };
		EF6D9C2A1CCEAABF001E7957 /* WatchlistViewController.swift in Sources */ = {isa = PBXBuildFile; fileRef = EF6D9C291CCEAABF001E7957 /* WatchlistViewController.swift */; };
		EF6D9C2C1CCEB45F001E7957 /* MoviesViewController.swift in Sources */ = {isa = PBXBuildFile; fileRef = EF6D9C2B1CCEB45F001E7957 /* MoviesViewController.swift */; };
		EF6D9C2E1CD12438001E7957 /* YoutubeViewController.swift in Sources */ = {isa = PBXBuildFile; fileRef = EF6D9C2D1CD12438001E7957 /* YoutubeViewController.swift */; };
		EF6D9C321CD128EE001E7957 /* TMDBMovieVideo.swift in Sources */ = {isa = PBXBuildFile; fileRef = EF6D9C311CD128EE001E7957 /* TMDBMovieVideo.swift */; };
		EFBC98031CCB46AE0017BF8E /* TMDBClient.swift in Sources */ = {isa = PBXBuildFile; fileRef = EFBC97FF1CCB46AE0017BF8E /* TMDBClient.swift */; };
		EFBC98041CCB46AE0017BF8E /* TMDBConstants.swift in Sources */ = {isa = PBXBuildFile; fileRef = EFBC98001CCB46AE0017BF8E /* TMDBConstants.swift */; };
		EFBC98051CCB46AE0017BF8E /* TMDBConfig.swift in Sources */ = {isa = PBXBuildFile; fileRef = EFBC98011CCB46AE0017BF8E /* TMDBConfig.swift */; };
		EFBC98061CCB46AE0017BF8E /* TMDBMovie.swift in Sources */ = {isa = PBXBuildFile; fileRef = EFBC98021CCB46AE0017BF8E /* TMDBMovie.swift */; };
		EFBC98081CCBDF660017BF8E /* TMDBConvenience.swift in Sources */ = {isa = PBXBuildFile; fileRef = EFBC98071CCBDF660017BF8E /* TMDBConvenience.swift */; };
		EFBC980A1CCBE2E50017BF8E /* AuthViewController.swift in Sources */ = {isa = PBXBuildFile; fileRef = EFBC98091CCBE2E50017BF8E /* AuthViewController.swift */; };
		EFE5BA5A1CCB2EAA0008349D /* AppDelegate.swift in Sources */ = {isa = PBXBuildFile; fileRef = EFE5BA591CCB2EAA0008349D /* AppDelegate.swift */; };
		EFE5BA5C1CCB2EAA0008349D /* LoginViewController.swift in Sources */ = {isa = PBXBuildFile; fileRef = EFE5BA5B1CCB2EAA0008349D /* LoginViewController.swift */; };
		EFE5BA5F1CCB2EAA0008349D /* Main.storyboard in Resources */ = {isa = PBXBuildFile; fileRef = EFE5BA5D1CCB2EAA0008349D /* Main.storyboard */; };
		EFE5BA611CCB2EAA0008349D /* Assets.xcassets in Resources */ = {isa = PBXBuildFile; fileRef = EFE5BA601CCB2EAA0008349D /* Assets.xcassets */; };
		EFE5BA641CCB2EAA0008349D /* LaunchScreen.storyboard in Resources */ = {isa = PBXBuildFile; fileRef = EFE5BA621CCB2EAA0008349D /* LaunchScreen.storyboard */; };
		EFE5BA6F1CCB2EAB0008349D /* MovieMovesTests.swift in Sources */ = {isa = PBXBuildFile; fileRef = EFE5BA6E1CCB2EAB0008349D /* MovieMovesTests.swift */; };
/* End PBXBuildFile section */

/* Begin PBXContainerItemProxy section */
		EFE5BA6B1CCB2EAB0008349D /* PBXContainerItemProxy */ = {
			isa = PBXContainerItemProxy;
			containerPortal = EFE5BA4E1CCB2EAA0008349D /* Project object */;
			proxyType = 1;
			remoteGlobalIDString = EFE5BA551CCB2EAA0008349D;
			remoteInfo = MovieMoves;
		};
/* End PBXContainerItemProxy section */

/* Begin PBXFileReference section */
		EF58735E1CCD58A80041C2D0 /* MoviePickerViewController.swift */ = {isa = PBXFileReference; fileEncoding = 4; lastKnownFileType = sourcecode.swift; path = MoviePickerViewController.swift; sourceTree = "<group>"; };
		EF5873601CCD5DB80041C2D0 /* MovieDetailViewController.swift */ = {isa = PBXFileReference; fileEncoding = 4; lastKnownFileType = sourcecode.swift; path = MovieDetailViewController.swift; sourceTree = "<group>"; };
		EF6D9C271CCEA2F1001E7957 /* FavoritesViewController.swift */ = {isa = PBXFileReference; fileEncoding = 4; lastKnownFileType = sourcecode.swift; path = FavoritesViewController.swift; sourceTree = "<group>"; };
		EF6D9C291CCEAABF001E7957 /* WatchlistViewController.swift */ = {isa = PBXFileReference; fileEncoding = 4; lastKnownFileType = sourcecode.swift; path = WatchlistViewController.swift; sourceTree = "<group>"; };
		EF6D9C2B1CCEB45F001E7957 /* MoviesViewController.swift */ = {isa = PBXFileReference; fileEncoding = 4; lastKnownFileType = sourcecode.swift; path = MoviesViewController.swift; sourceTree = "<group>"; };
		EF6D9C2D1CD12438001E7957 /* YoutubeViewController.swift */ = {isa = PBXFileReference; fileEncoding = 4; lastKnownFileType = sourcecode.swift; path = YoutubeViewController.swift; sourceTree = "<group>"; };
		EF6D9C311CD128EE001E7957 /* TMDBMovieVideo.swift */ = {isa = PBXFileReference; fileEncoding = 4; lastKnownFileType = sourcecode.swift; path = TMDBMovieVideo.swift; sourceTree = "<group>"; };
		EFBC97FF1CCB46AE0017BF8E /* TMDBClient.swift */ = {isa = PBXFileReference; fileEncoding = 4; lastKnownFileType = sourcecode.swift; path = TMDBClient.swift; sourceTree = "<group>"; };
		EFBC98001CCB46AE0017BF8E /* TMDBConstants.swift */ = {isa = PBXFileReference; fileEncoding = 4; lastKnownFileType = sourcecode.swift; path = TMDBConstants.swift; sourceTree = "<group>"; };
		EFBC98011CCB46AE0017BF8E /* TMDBConfig.swift */ = {isa = PBXFileReference; fileEncoding = 4; lastKnownFileType = sourcecode.swift; path = TMDBConfig.swift; sourceTree = "<group>"; };
		EFBC98021CCB46AE0017BF8E /* TMDBMovie.swift */ = {isa = PBXFileReference; fileEncoding = 4; lastKnownFileType = sourcecode.swift; path = TMDBMovie.swift; sourceTree = "<group>"; };
		EFBC98071CCBDF660017BF8E /* TMDBConvenience.swift */ = {isa = PBXFileReference; fileEncoding = 4; lastKnownFileType = sourcecode.swift; path = TMDBConvenience.swift; sourceTree = "<group>"; };
		EFBC98091CCBE2E50017BF8E /* AuthViewController.swift */ = {isa = PBXFileReference; fileEncoding = 4; lastKnownFileType = sourcecode.swift; path = AuthViewController.swift; sourceTree = "<group>"; };
		EFE5BA561CCB2EAA0008349D /* MovieMoves.app */ = {isa = PBXFileReference; explicitFileType = wrapper.application; includeInIndex = 0; path = MovieMoves.app; sourceTree = BUILT_PRODUCTS_DIR; };
		EFE5BA591CCB2EAA0008349D /* AppDelegate.swift */ = {isa = PBXFileReference; lastKnownFileType = sourcecode.swift; path = AppDelegate.swift; sourceTree = "<group>"; };
		EFE5BA5B1CCB2EAA0008349D /* LoginViewController.swift */ = {isa = PBXFileReference; lastKnownFileType = sourcecode.swift; path = LoginViewController.swift; sourceTree = "<group>"; };
		EFE5BA5E1CCB2EAA0008349D /* Base */ = {isa = PBXFileReference; lastKnownFileType = file.storyboard; name = Base; path = Base.lproj/Main.storyboard; sourceTree = "<group>"; };
		EFE5BA601CCB2EAA0008349D /* Assets.xcassets */ = {isa = PBXFileReference; lastKnownFileType = folder.assetcatalog; path = Assets.xcassets; sourceTree = "<group>"; };
		EFE5BA631CCB2EAA0008349D /* Base */ = {isa = PBXFileReference; lastKnownFileType = file.storyboard; name = Base; path = Base.lproj/LaunchScreen.storyboard; sourceTree = "<group>"; };
		EFE5BA651CCB2EAA0008349D /* Info.plist */ = {isa = PBXFileReference; lastKnownFileType = text.plist.xml; path = Info.plist; sourceTree = "<group>"; };
		EFE5BA6A1CCB2EAB0008349D /* MovieMovesTests.xctest */ = {isa = PBXFileReference; explicitFileType = wrapper.cfbundle; includeInIndex = 0; path = MovieMovesTests.xctest; sourceTree = BUILT_PRODUCTS_DIR; };
		EFE5BA6E1CCB2EAB0008349D /* MovieMovesTests.swift */ = {isa = PBXFileReference; lastKnownFileType = sourcecode.swift; path = MovieMovesTests.swift; sourceTree = "<group>"; };
		EFE5BA701CCB2EAB0008349D /* Info.plist */ = {isa = PBXFileReference; lastKnownFileType = text.plist.xml; path = Info.plist; sourceTree = "<group>"; };
/* End PBXFileReference section */

/* Begin PBXFrameworksBuildPhase section */
		EFE5BA531CCB2EAA0008349D /* Frameworks */ = {
			isa = PBXFrameworksBuildPhase;
			buildActionMask = 2147483647;
			files = (
			);
			runOnlyForDeploymentPostprocessing = 0;
		};
		EFE5BA671CCB2EAB0008349D /* Frameworks */ = {
			isa = PBXFrameworksBuildPhase;
			buildActionMask = 2147483647;
			files = (
			);
			runOnlyForDeploymentPostprocessing = 0;
		};
/* End PBXFrameworksBuildPhase section */

/* Begin PBXGroup section */
		EF58735D1CCD4F710041C2D0 /* Controller */ = {
			isa = PBXGroup;
			children = (
				EFE5BA5B1CCB2EAA0008349D /* LoginViewController.swift */,
				EF6D9C271CCEA2F1001E7957 /* FavoritesViewController.swift */,
				EF58735E1CCD58A80041C2D0 /* MoviePickerViewController.swift */,
				EF6D9C291CCEAABF001E7957 /* WatchlistViewController.swift */,
				EFBC98091CCBE2E50017BF8E /* AuthViewController.swift */,
				EF5873601CCD5DB80041C2D0 /* MovieDetailViewController.swift */,
				EF6D9C2B1CCEB45F001E7957 /* MoviesViewController.swift */,
				EF6D9C2D1CD12438001E7957 /* YoutubeViewController.swift */,
			);
			name = Controller;
			sourceTree = "<group>";
		};
		EFBC97FE1CCB46970017BF8E /* Model */ = {
			isa = PBXGroup;
			children = (
				EFBC97FF1CCB46AE0017BF8E /* TMDBClient.swift */,
				EFBC98001CCB46AE0017BF8E /* TMDBConstants.swift */,
				EFBC98011CCB46AE0017BF8E /* TMDBConfig.swift */,
				EFBC98071CCBDF660017BF8E /* TMDBConvenience.swift */,
				EFBC98021CCB46AE0017BF8E /* TMDBMovie.swift */,
				EF6D9C311CD128EE001E7957 /* TMDBMovieVideo.swift */,
			);
			name = Model;
			sourceTree = "<group>";
		};
		EFE5BA4D1CCB2EAA0008349D = {
			isa = PBXGroup;
			children = (
				EFE5BA581CCB2EAA0008349D /* MovieMoves */,
				EFE5BA6D1CCB2EAB0008349D /* MovieMovesTests */,
				EFE5BA571CCB2EAA0008349D /* Products */,
			);
			sourceTree = "<group>";
		};
		EFE5BA571CCB2EAA0008349D /* Products */ = {
			isa = PBXGroup;
			children = (
				EFE5BA561CCB2EAA0008349D /* MovieMoves.app */,
				EFE5BA6A1CCB2EAB0008349D /* MovieMovesTests.xctest */,
			);
			name = Products;
			sourceTree = "<group>";
		};
		EFE5BA581CCB2EAA0008349D /* MovieMoves */ = {
			isa = PBXGroup;
			children = (
				EF58735D1CCD4F710041C2D0 /* Controller */,
				EFBC97FE1CCB46970017BF8E /* Model */,
				EFE5BA591CCB2EAA0008349D /* AppDelegate.swift */,
				EFE5BA5D1CCB2EAA0008349D /* Main.storyboard */,
				EFE5BA601CCB2EAA0008349D /* Assets.xcassets */,
				EFE5BA621CCB2EAA0008349D /* LaunchScreen.storyboard */,
				EFE5BA651CCB2EAA0008349D /* Info.plist */,
			);
			path = MovieMoves;
			sourceTree = "<group>";
		};
		EFE5BA6D1CCB2EAB0008349D /* MovieMovesTests */ = {
			isa = PBXGroup;
			children = (
				EFE5BA6E1CCB2EAB0008349D /* MovieMovesTests.swift */,
				EFE5BA701CCB2EAB0008349D /* Info.plist */,
			);
			path = MovieMovesTests;
			sourceTree = "<group>";
		};
/* End PBXGroup section */

/* Begin PBXNativeTarget section */
		EFE5BA551CCB2EAA0008349D /* MovieMoves */ = {
			isa = PBXNativeTarget;
			buildConfigurationList = EFE5BA731CCB2EAB0008349D /* Build configuration list for PBXNativeTarget "MovieMoves" */;
			buildPhases = (
				EFE5BA521CCB2EAA0008349D /* Sources */,
				EFE5BA531CCB2EAA0008349D /* Frameworks */,
				EFE5BA541CCB2EAA0008349D /* Resources */,
			);
			buildRules = (
			);
			dependencies = (
			);
			name = MovieMoves;
			productName = MovieMoves;
			productReference = EFE5BA561CCB2EAA0008349D /* MovieMoves.app */;
			productType = "com.apple.product-type.application";
		};
		EFE5BA691CCB2EAB0008349D /* MovieMovesTests */ = {
			isa = PBXNativeTarget;
			buildConfigurationList = EFE5BA761CCB2EAB0008349D /* Build configuration list for PBXNativeTarget "MovieMovesTests" */;
			buildPhases = (
				EFE5BA661CCB2EAB0008349D /* Sources */,
				EFE5BA671CCB2EAB0008349D /* Frameworks */,
				EFE5BA681CCB2EAB0008349D /* Resources */,
			);
			buildRules = (
			);
			dependencies = (
				EFE5BA6C1CCB2EAB0008349D /* PBXTargetDependency */,
			);
			name = MovieMovesTests;
			productName = MovieMovesTests;
			productReference = EFE5BA6A1CCB2EAB0008349D /* MovieMovesTests.xctest */;
			productType = "com.apple.product-type.bundle.unit-test";
		};
/* End PBXNativeTarget section */

/* Begin PBXProject section */
		EFE5BA4E1CCB2EAA0008349D /* Project object */ = {
			isa = PBXProject;
			attributes = {
				LastSwiftUpdateCheck = 0720;
				LastUpgradeCheck = 0720;
				ORGANIZATIONNAME = "Ankit Kumar";
				TargetAttributes = {
					EFE5BA551CCB2EAA0008349D = {
						CreatedOnToolsVersion = 7.2.1;
						DevelopmentTeam = J94UKTLVH6;
					};
					EFE5BA691CCB2EAB0008349D = {
						CreatedOnToolsVersion = 7.2.1;
						DevelopmentTeam = J94UKTLVH6;
						TestTargetID = EFE5BA551CCB2EAA0008349D;
					};
				};
			};
			buildConfigurationList = EFE5BA511CCB2EAA0008349D /* Build configuration list for PBXProject "MovieMoves" */;
			compatibilityVersion = "Xcode 3.2";
			developmentRegion = English;
			hasScannedForEncodings = 0;
			knownRegions = (
				en,
				Base,
			);
			mainGroup = EFE5BA4D1CCB2EAA0008349D;
			productRefGroup = EFE5BA571CCB2EAA0008349D /* Products */;
			projectDirPath = "";
			projectRoot = "";
			targets = (
				EFE5BA551CCB2EAA0008349D /* MovieMoves */,
				EFE5BA691CCB2EAB0008349D /* MovieMovesTests */,
			);
		};
/* End PBXProject section */

/* Begin PBXResourcesBuildPhase section */
		EFE5BA541CCB2EAA0008349D /* Resources */ = {
			isa = PBXResourcesBuildPhase;
			buildActionMask = 2147483647;
			files = (
				EFE5BA641CCB2EAA0008349D /* LaunchScreen.storyboard in Resources */,
				EFE5BA611CCB2EAA0008349D /* Assets.xcassets in Resources */,
				EFE5BA5F1CCB2EAA0008349D /* Main.storyboard in Resources */,
			);
			runOnlyForDeploymentPostprocessing = 0;
		};
		EFE5BA681CCB2EAB0008349D /* Resources */ = {
			isa = PBXResourcesBuildPhase;
			buildActionMask = 2147483647;
			files = (
			);
			runOnlyForDeploymentPostprocessing = 0;
		};
/* End PBXResourcesBuildPhase section */

/* Begin PBXSourcesBuildPhase section */
		EFE5BA521CCB2EAA0008349D /* Sources */ = {
			isa = PBXSourcesBuildPhase;
			buildActionMask = 2147483647;
			files = (
				EF58735F1CCD58A80041C2D0 /* MoviePickerViewController.swift in Sources */,
				EFBC98041CCB46AE0017BF8E /* TMDBConstants.swift in Sources */,
				EFBC98061CCB46AE0017BF8E /* TMDBMovie.swift in Sources */,
				EFBC98031CCB46AE0017BF8E /* TMDBClient.swift in Sources */,
				EFE5BA5C1CCB2EAA0008349D /* LoginViewController.swift in Sources */,
				EFBC98081CCBDF660017BF8E /* TMDBConvenience.swift in Sources */,
				EF6D9C2A1CCEAABF001E7957 /* WatchlistViewController.swift in Sources */,
				EF6D9C281CCEA2F1001E7957 /* FavoritesViewController.swift in Sources */,
				EF6D9C2E1CD12438001E7957 /* YoutubeViewController.swift in Sources */,
				EF6D9C2C1CCEB45F001E7957 /* MoviesViewController.swift in Sources */,
				EF5873611CCD5DB80041C2D0 /* MovieDetailViewController.swift in Sources */,
				EFBC98051CCB46AE0017BF8E /* TMDBConfig.swift in Sources */,
				EF6D9C321CD128EE001E7957 /* TMDBMovieVideo.swift in Sources */,
				EFE5BA5A1CCB2EAA0008349D /* AppDelegate.swift in Sources */,
				EFBC980A1CCBE2E50017BF8E /* AuthViewController.swift in Sources */,
			);
			runOnlyForDeploymentPostprocessing = 0;
		};
		EFE5BA661CCB2EAB0008349D /* Sources */ = {
			isa = PBXSourcesBuildPhase;
			buildActionMask = 2147483647;
			files = (
				EFE5BA6F1CCB2EAB0008349D /* MovieMovesTests.swift in Sources */,
			);
			runOnlyForDeploymentPostprocessing = 0;
		};
/* End PBXSourcesBuildPhase section */

/* Begin PBXTargetDependency section */
		EFE5BA6C1CCB2EAB0008349D /* PBXTargetDependency */ = {
			isa = PBXTargetDependency;
			target = EFE5BA551CCB2EAA0008349D /* MovieMoves */;
			targetProxy = EFE5BA6B1CCB2EAB0008349D /* PBXContainerItemProxy */;
		};
/* End PBXTargetDependency section */

/* Begin PBXVariantGroup section */
		EFE5BA5D1CCB2EAA0008349D /* Main.storyboard */ = {
			isa = PBXVariantGroup;
			children = (
				EFE5BA5E1CCB2EAA0008349D /* Base */,
			);
			name = Main.storyboard;
			sourceTree = "<group>";
		};
		EFE5BA621CCB2EAA0008349D /* LaunchScreen.storyboard */ = {
			isa = PBXVariantGroup;
			children = (
				EFE5BA631CCB2EAA0008349D /* Base */,
			);
			name = LaunchScreen.storyboard;
			sourceTree = "<group>";
		};
/* End PBXVariantGroup section */

/* Begin XCBuildConfiguration section */
		EFE5BA711CCB2EAB0008349D /* Debug */ = {
			isa = XCBuildConfiguration;
			buildSettings = {
				ALWAYS_SEARCH_USER_PATHS = NO;
				CLANG_CXX_LANGUAGE_STANDARD = "gnu++0x";
				CLANG_CXX_LIBRARY = "libc++";
				CLANG_ENABLE_MODULES = YES;
				CLANG_ENABLE_OBJC_ARC = YES;
				CLANG_WARN_BOOL_CONVERSION = YES;
				CLANG_WARN_CONSTANT_CONVERSION = YES;
				CLANG_WARN_DIRECT_OBJC_ISA_USAGE = YES_ERROR;
				CLANG_WARN_EMPTY_BODY = YES;
				CLANG_WARN_ENUM_CONVERSION = YES;
				CLANG_WARN_INT_CONVERSION = YES;
				CLANG_WARN_OBJC_ROOT_CLASS = YES_ERROR;
				CLANG_WARN_UNREACHABLE_CODE = YES;
				CLANG_WARN__DUPLICATE_METHOD_MATCH = YES;
				"CODE_SIGN_IDENTITY[sdk=iphoneos*]" = "iPhone Developer";
				COPY_PHASE_STRIP = NO;
				DEBUG_INFORMATION_FORMAT = dwarf;
				ENABLE_STRICT_OBJC_MSGSEND = YES;
				ENABLE_TESTABILITY = YES;
				GCC_C_LANGUAGE_STANDARD = gnu99;
				GCC_DYNAMIC_NO_PIC = NO;
				GCC_NO_COMMON_BLOCKS = YES;
				GCC_OPTIMIZATION_LEVEL = 0;
				GCC_PREPROCESSOR_DEFINITIONS = (
					"DEBUG=1",
					"$(inherited)",
				);
				GCC_WARN_64_TO_32_BIT_CONVERSION = YES;
				GCC_WARN_ABOUT_RETURN_TYPE = YES_ERROR;
				GCC_WARN_UNDECLARED_SELECTOR = YES;
				GCC_WARN_UNINITIALIZED_AUTOS = YES_AGGRESSIVE;
				GCC_WARN_UNUSED_FUNCTION = YES;
				GCC_WARN_UNUSED_VARIABLE = YES;
				IPHONEOS_DEPLOYMENT_TARGET = 9.2;
				MTL_ENABLE_DEBUG_INFO = YES;
				ONLY_ACTIVE_ARCH = YES;
				SDKROOT = iphoneos;
				SWIFT_OPTIMIZATION_LEVEL = "-Onone";
				TARGETED_DEVICE_FAMILY = "1,2";
			};
			name = Debug;
		};
		EFE5BA721CCB2EAB0008349D /* Release */ = {
			isa = XCBuildConfiguration;
			buildSettings = {
				ALWAYS_SEARCH_USER_PATHS = NO;
				CLANG_CXX_LANGUAGE_STANDARD = "gnu++0x";
				CLANG_CXX_LIBRARY = "libc++";
				CLANG_ENABLE_MODULES = YES;
				CLANG_ENABLE_OBJC_ARC = YES;
				CLANG_WARN_BOOL_CONVERSION = YES;
				CLANG_WARN_CONSTANT_CONVERSION = YES;
				CLANG_WARN_DIRECT_OBJC_ISA_USAGE = YES_ERROR;
				CLANG_WARN_EMPTY_BODY = YES;
				CLANG_WARN_ENUM_CONVERSION = YES;
				CLANG_WARN_INT_CONVERSION = YES;
				CLANG_WARN_OBJC_ROOT_CLASS = YES_ERROR;
				CLANG_WARN_UNREACHABLE_CODE = YES;
				CLANG_WARN__DUPLICATE_METHOD_MATCH = YES;
				"CODE_SIGN_IDENTITY[sdk=iphoneos*]" = "iPhone Developer";
				COPY_PHASE_STRIP = NO;
				DEBUG_INFORMATION_FORMAT = "dwarf-with-dsym";
				ENABLE_NS_ASSERTIONS = NO;
				ENABLE_STRICT_OBJC_MSGSEND = YES;
				GCC_C_LANGUAGE_STANDARD = gnu99;
				GCC_NO_COMMON_BLOCKS = YES;
				GCC_WARN_64_TO_32_BIT_CONVERSION = YES;
				GCC_WARN_ABOUT_RETURN_TYPE = YES_ERROR;
				GCC_WARN_UNDECLARED_SELECTOR = YES;
				GCC_WARN_UNINITIALIZED_AUTOS = YES_AGGRESSIVE;
				GCC_WARN_UNUSED_FUNCTION = YES;
				GCC_WARN_UNUSED_VARIABLE = YES;
				IPHONEOS_DEPLOYMENT_TARGET = 9.2;
				MTL_ENABLE_DEBUG_INFO = NO;
				SDKROOT = iphoneos;
				TARGETED_DEVICE_FAMILY = "1,2";
				VALIDATE_PRODUCT = YES;
			};
			name = Release;
		};
		EFE5BA741CCB2EAB0008349D /* Debug */ = {
			isa = XCBuildConfiguration;
			buildSettings = {
				ASSETCATALOG_COMPILER_APPICON_NAME = AppIcon;
				CODE_SIGN_IDENTITY = "iPhone Developer";
				INFOPLIST_FILE = MovieMoves/Info.plist;
				LD_RUNPATH_SEARCH_PATHS = "$(inherited) @executable_path/Frameworks";
				PRODUCT_BUNDLE_IDENTIFIER = com.kumarankit.MovieMoves;
				PRODUCT_NAME = "$(TARGET_NAME)";
			};
			name = Debug;
		};
		EFE5BA751CCB2EAB0008349D /* Release */ = {
			isa = XCBuildConfiguration;
			buildSettings = {
				ASSETCATALOG_COMPILER_APPICON_NAME = AppIcon;
				CODE_SIGN_IDENTITY = "iPhone Developer";
				INFOPLIST_FILE = MovieMoves/Info.plist;
				LD_RUNPATH_SEARCH_PATHS = "$(inherited) @executable_path/Frameworks";
				PRODUCT_BUNDLE_IDENTIFIER = com.kumarankit.MovieMoves;
				PRODUCT_NAME = "$(TARGET_NAME)";
			};
			name = Release;
		};
		EFE5BA771CCB2EAB0008349D /* Debug */ = {
			isa = XCBuildConfiguration;
			buildSettings = {
				BUNDLE_LOADER = "$(TEST_HOST)";
				INFOPLIST_FILE = MovieMovesTests/Info.plist;
				LD_RUNPATH_SEARCH_PATHS = "$(inherited) @executable_path/Frameworks @loader_path/Frameworks";
				PRODUCT_BUNDLE_IDENTIFIER = com.kumarankit.MovieMovesTests;
				PRODUCT_NAME = "$(TARGET_NAME)";
				TEST_HOST = "$(BUILT_PRODUCTS_DIR)/MovieMoves.app/MovieMoves";
			};
			name = Debug;
		};
		EFE5BA781CCB2EAB0008349D /* Release */ = {
			isa = XCBuildConfiguration;
			buildSettings = {
				BUNDLE_LOADER = "$(TEST_HOST)";
				INFOPLIST_FILE = MovieMovesTests/Info.plist;
				LD_RUNPATH_SEARCH_PATHS = "$(inherited) @executable_path/Frameworks @loader_path/Frameworks";
				PRODUCT_BUNDLE_IDENTIFIER = com.kumarankit.MovieMovesTests;
				PRODUCT_NAME = "$(TARGET_NAME)";
				TEST_HOST = "$(BUILT_PRODUCTS_DIR)/MovieMoves.app/MovieMoves";
			};
			name = Release;
		};
/* End XCBuildConfiguration section */

/* Begin XCConfigurationList section */
		EFE5BA511CCB2EAA0008349D /* Build configuration list for PBXProject "MovieMoves" */ = {
			isa = XCConfigurationList;
			buildConfigurations = (
				EFE5BA711CCB2EAB0008349D /* Debug */,
				EFE5BA721CCB2EAB0008349D /* Release */,
			);
			defaultConfigurationIsVisible = 0;
			defaultConfigurationName = Release;
		};
		EFE5BA731CCB2EAB0008349D /* Build configuration list for PBXNativeTarget "MovieMoves" */ = {
			isa = XCConfigurationList;
			buildConfigurations = (
				EFE5BA741CCB2EAB0008349D /* Debug */,
				EFE5BA751CCB2EAB0008349D /* Release */,
			);
			defaultConfigurationIsVisible = 0;
			defaultConfigurationName = Release;
		};
		EFE5BA761CCB2EAB0008349D /* Build configuration list for PBXNativeTarget "MovieMovesTests" */ = {
			isa = XCConfigurationList;
			buildConfigurations = (
				EFE5BA771CCB2EAB0008349D /* Debug */,
				EFE5BA781CCB2EAB0008349D /* Release */,
			);
			defaultConfigurationIsVisible = 0;
			defaultConfigurationName = Release;
		};
/* End XCConfigurationList section */
	};
	rootObject = EFE5BA4E1CCB2EAA0008349D /* Project object */;
}
